
Microsoft Visual Studio Solution File, Format Version 12.00
# Visual Studio Version 17
VisualStudioVersion = 17.0.31903.59
MinimumVisualStudioVersion = 10.0.40219.1
Project("{9A19103F-16F7-4668-BE54-9A1E7A4F7556}") = "hashset-contains-vs-add", "hashset-contains-vs-add\hashset-contains-vs-add.csproj", "{4CFD6332-CD7E-4D67-A35E-0A571A136F70}"
EndProject
Project("{FAE04EC0-301F-11D3-BF4B-00C04F79EFBC}") = "case-sensitive-params", "case-sensitive-params\case-sensitive-params.csproj", "{2AC9D253-F605-41BF-835E-0AF4A4B44C42}"
EndProject
Global
	GlobalSection(SolutionConfigurationPlatforms) = preSolution
		Debug|Any CPU = Debug|Any CPU
		Release|Any CPU = Release|Any CPU
	EndGlobalSection
	GlobalSection(ProjectConfigurationPlatforms) = postSolution
		{4CFD6332-CD7E-4D67-A35E-0A571A136F70}.Debug|Any CPU.ActiveCfg = Debug|Any CPU
		{4CFD6332-CD7E-4D67-A35E-0A571A136F70}.Debug|Any CPU.Build.0 = Debug|Any CPU
		{4CFD6332-CD7E-4D67-A35E-0A571A136F70}.Release|Any CPU.ActiveCfg = Release|Any CPU
		{4CFD6332-CD7E-4D67-A35E-0A571A136F70}.Release|Any CPU.Build.0 = Release|Any CPU
		{2AC9D253-F605-41BF-835E-0AF4A4B44C42}.Debug|Any CPU.ActiveCfg = Debug|Any CPU
		{2AC9D253-F605-41BF-835E-0AF4A4B44C42}.Debug|Any CPU.Build.0 = Debug|Any CPU
		{2AC9D253-F605-41BF-835E-0AF4A4B44C42}.Release|Any CPU.ActiveCfg = Release|Any CPU
		{2AC9D253-F605-41BF-835E-0AF4A4B44C42}.Release|Any CPU.Build.0 = Release|Any CPU
	EndGlobalSection
	GlobalSection(SolutionProperties) = preSolution
		HideSolutionNode = FALSE
	EndGlobalSection
	GlobalSection(ExtensibilityGlobals) = postSolution
		SolutionGuid = {53DA7749-57B0-4D0F-A148-165711942DDA}
	EndGlobalSection
EndGlobal
